// !$*UTF8*$!
{
	archiveVersion = 1;
	classes = {
	};
	objectVersion = 46;
	objects = {

/* Begin PBXAggregateTarget section */
		F8F23345118EC2B700C05048 /* Distribution */ = {
			isa = PBXAggregateTarget;
			buildConfigurationList = F8F23348118EC2D900C05048 /* Build configuration list for PBXAggregateTarget "Distribution" */;
			buildPhases = (
				F8F23344118EC2B700C05048 /* ShellScript */,
			);
			dependencies = (
			);
			name = Distribution;
			productName = Distribution;
		};
/* End PBXAggregateTarget section */

/* Begin PBXBuildFile section */
		256AC3DA0F4B6AC300CF3369 /* WindowSizeApp.m in Sources */ = {isa = PBXBuildFile; fileRef = 256AC3D90F4B6AC300CF3369 /* WindowSizeApp.m */; };
		8D11072B0486CEB800E47090 /* InfoPlist.strings in Resources */ = {isa = PBXBuildFile; fileRef = 089C165CFE840E0CC02AAC07 /* InfoPlist.strings */; };
		8D11072F0486CEB800E47090 /* Cocoa.framework in Frameworks */ = {isa = PBXBuildFile; fileRef = 1058C7A1FEA54F0111CA2CBB /* Cocoa.framework */; };
		F8074FA8119056E600183231 /* Preferences.xib in Resources */ = {isa = PBXBuildFile; fileRef = F8074FA6119056E600183231 /* Preferences.xib */; };
		F80750A91190630E00183231 /* PreferenceController.m in Sources */ = {isa = PBXBuildFile; fileRef = F80750A81190630E00183231 /* PreferenceController.m */; };
		F825CF4B12AE8A6C001197DE /* Sparkle.framework in Frameworks */ = {isa = PBXBuildFile; fileRef = F825CF3D12AE8A06001197DE /* Sparkle.framework */; };
		F825CF5B12AE8A96001197DE /* Sparkle.framework in CopyFiles */ = {isa = PBXBuildFile; fileRef = F825CF3D12AE8A06001197DE /* Sparkle.framework */; };
		F8AB159B118EE26800919BD7 /* Credits.html in Resources */ = {isa = PBXBuildFile; fileRef = F8AB1599118EE26800919BD7 /* Credits.html */; };
		F8AB15BD118EE61A00919BD7 /* WindowSize.strings in Resources */ = {isa = PBXBuildFile; fileRef = F8AB15BB118EE61A00919BD7 /* WindowSize.strings */; };
		F8C05C6A118E36470078145E /* ScriptingBridge.framework in Frameworks */ = {isa = PBXBuildFile; fileRef = F8C05C69118E36470078145E /* ScriptingBridge.framework */; };
		F8C66C22118F58110028501F /* resizeWindow_128x128.png in Resources */ = {isa = PBXBuildFile; fileRef = F8C66C1D118F58110028501F /* resizeWindow_128x128.png */; };
		F8C66C23118F58110028501F /* resizeWindow_16x16.png in Resources */ = {isa = PBXBuildFile; fileRef = F8C66C1E118F58110028501F /* resizeWindow_16x16.png */; };
		F8C66C24118F58110028501F /* resizeWindow_18x18-GREY.png in Resources */ = {isa = PBXBuildFile; fileRef = F8C66C1F118F58110028501F /* resizeWindow_18x18-GREY.png */; };
		F8C66C25118F58110028501F /* resizeWindow_32x32.png in Resources */ = {isa = PBXBuildFile; fileRef = F8C66C20118F58110028501F /* resizeWindow_32x32.png */; };
		F8C66C26118F58110028501F /* resizeWindow_512x512.png in Resources */ = {isa = PBXBuildFile; fileRef = F8C66C21118F58110028501F /* resizeWindow_512x512.png */; };
		F8C66C28118F58A10028501F /* APPL.icns in Resources */ = {isa = PBXBuildFile; fileRef = F8C66C27118F58A10028501F /* APPL.icns */; };
		F8F23363118EC74A00C05048 /* dsa_pub.pem in Resources */ = {isa = PBXBuildFile; fileRef = F8F23362118EC74A00C05048 /* dsa_pub.pem */; };
/* End PBXBuildFile section */

/* Begin PBXContainerItemProxy section */
		F825CF3C12AE8A06001197DE /* PBXContainerItemProxy */ = {
			isa = PBXContainerItemProxy;
			containerPortal = F825CF2F12AE8A06001197DE /* Sparkle.xcodeproj */;
			proxyType = 2;
			remoteGlobalIDString = 8DC2EF5B0486A6940098B216;
			remoteInfo = Sparkle;
		};
		F825CF3E12AE8A06001197DE /* PBXContainerItemProxy */ = {
			isa = PBXContainerItemProxy;
			containerPortal = F825CF2F12AE8A06001197DE /* Sparkle.xcodeproj */;
			proxyType = 2;
			remoteGlobalIDString = 61B5F90209C4CEE200B25A18;
			remoteInfo = "Sparkle Test App";
		};
		F825CF4012AE8A06001197DE /* PBXContainerItemProxy */ = {
			isa = PBXContainerItemProxy;
			containerPortal = F825CF2F12AE8A06001197DE /* Sparkle.xcodeproj */;
			proxyType = 2;
			remoteGlobalIDString = DAAEFC960DA571DF0051E0D0;
			remoteInfo = "relaunch tool";
		};
		F825CF4212AE8A06001197DE /* PBXContainerItemProxy */ = {
			isa = PBXContainerItemProxy;
			containerPortal = F825CF2F12AE8A06001197DE /* Sparkle.xcodeproj */;
			proxyType = 2;
			remoteGlobalIDString = 612279D90DB5470200AB99EA;
			remoteInfo = "Sparkle Unit Tests";
		};
		F825CF4412AE8A06001197DE /* PBXContainerItemProxy */ = {
			isa = PBXContainerItemProxy;
			containerPortal = F825CF2F12AE8A06001197DE /* Sparkle.xcodeproj */;
			proxyType = 2;
			remoteGlobalIDString = 5D06E8D00FD68C7C005AE3F6;
			remoteInfo = BinaryDelta;
		};
		F825CF5C12AE8AB3001197DE /* PBXContainerItemProxy */ = {
			isa = PBXContainerItemProxy;
			containerPortal = F825CF2F12AE8A06001197DE /* Sparkle.xcodeproj */;
			proxyType = 1;
			remoteGlobalIDString = 8DC2EF4F0486A6940098B216;
			remoteInfo = Sparkle;
		};
/* End PBXContainerItemProxy section */

/* Begin PBXCopyFilesBuildPhase section */
		F8F23343118EC25D00C05048 /* CopyFiles */ = {
			isa = PBXCopyFilesBuildPhase;
			buildActionMask = 2147483647;
			dstPath = "";
			dstSubfolderSpec = 10;
			files = (
				F825CF5B12AE8A96001197DE /* Sparkle.framework in CopyFiles */,
			);
			runOnlyForDeploymentPostprocessing = 0;
		};
/* End PBXCopyFilesBuildPhase section */

/* Begin PBXFileReference section */
		089C165DFE840E0CC02AAC07 /* English */ = {isa = PBXFileReference; fileEncoding = 4; lastKnownFileType = text.plist.strings; name = English; path = English.lproj/InfoPlist.strings; sourceTree = "<group>"; };
		1058C7A1FEA54F0111CA2CBB /* Cocoa.framework */ = {isa = PBXFileReference; lastKnownFileType = wrapper.framework; name = Cocoa.framework; path = /System/Library/Frameworks/Cocoa.framework; sourceTree = "<absolute>"; };
		13E42FB307B3F0F600E4EEF1 /* CoreData.framework */ = {isa = PBXFileReference; lastKnownFileType = wrapper.framework; name = CoreData.framework; path = /System/Library/Frameworks/CoreData.framework; sourceTree = "<absolute>"; };
		256AC3D80F4B6AC300CF3369 /* WindowSizeApp.h */ = {isa = PBXFileReference; fileEncoding = 4; lastKnownFileType = sourcecode.c.h; path = WindowSizeApp.h; sourceTree = "<group>"; };
		256AC3D90F4B6AC300CF3369 /* WindowSizeApp.m */ = {isa = PBXFileReference; fileEncoding = 4; lastKnownFileType = sourcecode.c.objc; path = WindowSizeApp.m; sourceTree = "<group>"; };
		256AC3F00F4B6AF500CF3369 /* WindowSize_Prefix.pch */ = {isa = PBXFileReference; fileEncoding = 4; lastKnownFileType = sourcecode.c.h; path = WindowSize_Prefix.pch; sourceTree = "<group>"; };
		29B97324FDCFA39411CA2CEA /* AppKit.framework */ = {isa = PBXFileReference; lastKnownFileType = wrapper.framework; name = AppKit.framework; path = /System/Library/Frameworks/AppKit.framework; sourceTree = "<absolute>"; };
		29B97325FDCFA39411CA2CEA /* Foundation.framework */ = {isa = PBXFileReference; lastKnownFileType = wrapper.framework; name = Foundation.framework; path = /System/Library/Frameworks/Foundation.framework; sourceTree = "<absolute>"; };
		8D1107310486CEB800E47090 /* WindowSize-Info.plist */ = {isa = PBXFileReference; fileEncoding = 4; lastKnownFileType = text.plist.xml; path = "WindowSize-Info.plist"; sourceTree = "<group>"; };
		8D1107320486CEB800E47090 /* WindowSize.app */ = {isa = PBXFileReference; explicitFileType = wrapper.application; includeInIndex = 0; path = WindowSize.app; sourceTree = BUILT_PRODUCTS_DIR; };
		F8074FA7119056E600183231 /* English */ = {isa = PBXFileReference; lastKnownFileType = file.xib; name = English; path = English.lproj/Preferences.xib; sourceTree = "<group>"; };
		F80750A71190630E00183231 /* PreferenceController.h */ = {isa = PBXFileReference; fileEncoding = 4; lastKnownFileType = sourcecode.c.h; path = PreferenceController.h; sourceTree = "<group>"; };
		F80750A81190630E00183231 /* PreferenceController.m */ = {isa = PBXFileReference; fileEncoding = 4; lastKnownFileType = sourcecode.c.objc; path = PreferenceController.m; sourceTree = "<group>"; };
		F807512511907ABF00183231 /* helpers.txt */ = {isa = PBXFileReference; fileEncoding = 4; lastKnownFileType = text; path = helpers.txt; sourceTree = "<group>"; };
		F80751371190984400183231 /* fr */ = {isa = PBXFileReference; lastKnownFileType = file.xib; name = fr; path = fr.lproj/Preferences.xib; sourceTree = "<group>"; };
		F80752301190A00200183231 /* fr */ = {isa = PBXFileReference; lastKnownFileType = text.plist.strings; name = fr; path = fr.lproj/InfoPlist.strings; sourceTree = "<group>"; };
		F825CF2F12AE8A06001197DE /* Sparkle.xcodeproj */ = {isa = PBXFileReference; lastKnownFileType = "wrapper.pb-project"; name = Sparkle.xcodeproj; path = Sparkle/Sparkle.xcodeproj; sourceTree = "<group>"; };
		F8AB159A118EE26800919BD7 /* English */ = {isa = PBXFileReference; fileEncoding = 4; lastKnownFileType = text.html; name = English; path = English.lproj/Credits.html; sourceTree = "<group>"; };
		F8AB15B1118EE46800919BD7 /* fr */ = {isa = PBXFileReference; lastKnownFileType = text.html; name = fr; path = fr.lproj/Credits.html; sourceTree = "<group>"; };
		F8AB15BC118EE61A00919BD7 /* English */ = {isa = PBXFileReference; fileEncoding = 10; lastKnownFileType = text.plist.strings; name = English; path = English.lproj/WindowSize.strings; sourceTree = "<group>"; };
		F8AB15D0118EE7B000919BD7 /* fr */ = {isa = PBXFileReference; lastKnownFileType = text.plist.strings; name = fr; path = fr.lproj/WindowSize.strings; sourceTree = "<group>"; };
		F8C05C69118E36470078145E /* ScriptingBridge.framework */ = {isa = PBXFileReference; lastKnownFileType = wrapper.framework; name = ScriptingBridge.framework; path = System/Library/Frameworks/ScriptingBridge.framework; sourceTree = SDKROOT; };
		F8C66C1D118F58110028501F /* resizeWindow_128x128.png */ = {isa = PBXFileReference; lastKnownFileType = image.png; path = resizeWindow_128x128.png; sourceTree = "<group>"; };
		F8C66C1E118F58110028501F /* resizeWindow_16x16.png */ = {isa = PBXFileReference; lastKnownFileType = image.png; path = resizeWindow_16x16.png; sourceTree = "<group>"; };
		F8C66C1F118F58110028501F /* resizeWindow_18x18-GREY.png */ = {isa = PBXFileReference; lastKnownFileType = image.png; path = "resizeWindow_18x18-GREY.png"; sourceTree = "<group>"; };
		F8C66C20118F58110028501F /* resizeWindow_32x32.png */ = {isa = PBXFileReference; lastKnownFileType = image.png; path = resizeWindow_32x32.png; sourceTree = "<group>"; };
		F8C66C21118F58110028501F /* resizeWindow_512x512.png */ = {isa = PBXFileReference; lastKnownFileType = image.png; path = resizeWindow_512x512.png; sourceTree = "<group>"; };
		F8C66C27118F58A10028501F /* APPL.icns */ = {isa = PBXFileReference; lastKnownFileType = image.icns; name = APPL.icns; path = Resources/APPL.icns; sourceTree = "<group>"; };
		F8F2334C118EC44200C05048 /* appcast.xml */ = {isa = PBXFileReference; fileEncoding = 4; lastKnownFileType = text.xml; path = appcast.xml; sourceTree = "<group>"; };
		F8F2334D118EC44200C05048 /* release-notes.html */ = {isa = PBXFileReference; fileEncoding = 4; lastKnownFileType = text.html; path = "release-notes.html"; sourceTree = "<group>"; };
		F8F23362118EC74A00C05048 /* dsa_pub.pem */ = {isa = PBXFileReference; fileEncoding = 4; lastKnownFileType = text; path = dsa_pub.pem; sourceTree = "<group>"; };
/* End PBXFileReference section */

/* Begin PBXFrameworksBuildPhase section */
		8D11072E0486CEB800E47090 /* Frameworks */ = {
			isa = PBXFrameworksBuildPhase;
			buildActionMask = 2147483647;
			files = (
				F825CF4B12AE8A6C001197DE /* Sparkle.framework in Frameworks */,
				8D11072F0486CEB800E47090 /* Cocoa.framework in Frameworks */,
				F8C05C6A118E36470078145E /* ScriptingBridge.framework in Frameworks */,
			);
			runOnlyForDeploymentPostprocessing = 0;
		};
/* End PBXFrameworksBuildPhase section */

/* Begin PBXGroup section */
		080E96DDFE201D6D7F000001 /* Classes */ = {
			isa = PBXGroup;
			children = (
				256AC3D80F4B6AC300CF3369 /* WindowSizeApp.h */,
				256AC3D90F4B6AC300CF3369 /* WindowSizeApp.m */,
				F80750A71190630E00183231 /* PreferenceController.h */,
				F80750A81190630E00183231 /* PreferenceController.m */,
			);
			name = Classes;
			sourceTree = "<group>";
		};
		1058C7A0FEA54F0111CA2CBB /* Linked Frameworks */ = {
			isa = PBXGroup;
			children = (
				1058C7A1FEA54F0111CA2CBB /* Cocoa.framework */,
				F8C05C69118E36470078145E /* ScriptingBridge.framework */,
			);
			name = "Linked Frameworks";
			sourceTree = "<group>";
		};
		1058C7A2FEA54F0111CA2CBB /* Other Frameworks */ = {
			isa = PBXGroup;
			children = (
				29B97324FDCFA39411CA2CEA /* AppKit.framework */,
				13E42FB307B3F0F600E4EEF1 /* CoreData.framework */,
				29B97325FDCFA39411CA2CEA /* Foundation.framework */,
			);
			name = "Other Frameworks";
			sourceTree = "<group>";
		};
		19C28FACFE9D520D11CA2CBB /* Products */ = {
			isa = PBXGroup;
			children = (
				8D1107320486CEB800E47090 /* WindowSize.app */,
			);
			name = Products;
			sourceTree = "<group>";
		};
		29B97314FDCFA39411CA2CEA /* WindowSize */ = {
			isa = PBXGroup;
			children = (
				F825CF2F12AE8A06001197DE /* Sparkle.xcodeproj */,
				F807512211907A5800183231 /* Helpers */,
				F8F2334B118EC44200C05048 /* Site */,
				080E96DDFE201D6D7F000001 /* Classes */,
				29B97315FDCFA39411CA2CEA /* Other Sources */,
				29B97317FDCFA39411CA2CEA /* Resources */,
				29B97323FDCFA39411CA2CEA /* Frameworks */,
				19C28FACFE9D520D11CA2CBB /* Products */,
			);
			name = WindowSize;
			sourceTree = "<group>";
		};
		29B97315FDCFA39411CA2CEA /* Other Sources */ = {
			isa = PBXGroup;
			children = (
				256AC3F00F4B6AF500CF3369 /* WindowSize_Prefix.pch */,
			);
			name = "Other Sources";
			sourceTree = "<group>";
		};
		29B97317FDCFA39411CA2CEA /* Resources */ = {
			isa = PBXGroup;
			children = (
				F8C66C27118F58A10028501F /* APPL.icns */,
				F8C66C1C118F58110028501F /* Icons */,
				F8AB15BB118EE61A00919BD7 /* WindowSize.strings */,
				F8AB1599118EE26800919BD7 /* Credits.html */,
				F8F23362118EC74A00C05048 /* dsa_pub.pem */,
				8D1107310486CEB800E47090 /* WindowSize-Info.plist */,
				089C165CFE840E0CC02AAC07 /* InfoPlist.strings */,
				F8074FA6119056E600183231 /* Preferences.xib */,
			);
			name = Resources;
			sourceTree = "<group>";
		};
		29B97323FDCFA39411CA2CEA /* Frameworks */ = {
			isa = PBXGroup;
			children = (
				1058C7A0FEA54F0111CA2CBB /* Linked Frameworks */,
				1058C7A2FEA54F0111CA2CBB /* Other Frameworks */,
			);
			name = Frameworks;
			sourceTree = "<group>";
		};
		F807512211907A5800183231 /* Helpers */ = {
			isa = PBXGroup;
			children = (
				F807512511907ABF00183231 /* helpers.txt */,
			);
			name = Helpers;
			sourceTree = "<group>";
		};
		F825CF3012AE8A06001197DE /* Products */ = {
			isa = PBXGroup;
			children = (
				F825CF3D12AE8A06001197DE /* Sparkle.framework */,
				F825CF3F12AE8A06001197DE /* Sparkle Test App.app */,
				F825CF4112AE8A06001197DE /* relaunch */,
				F825CF4312AE8A06001197DE /* Sparkle Unit Tests.octest */,
				F825CF4512AE8A06001197DE /* BinaryDelta */,
			);
			name = Products;
			sourceTree = "<group>";
		};
		F8C66C1C118F58110028501F /* Icons */ = {
			isa = PBXGroup;
			children = (
				F8C66C1D118F58110028501F /* resizeWindow_128x128.png */,
				F8C66C1E118F58110028501F /* resizeWindow_16x16.png */,
				F8C66C1F118F58110028501F /* resizeWindow_18x18-GREY.png */,
				F8C66C20118F58110028501F /* resizeWindow_32x32.png */,
				F8C66C21118F58110028501F /* resizeWindow_512x512.png */,
			);
			name = Icons;
			path = Resources/Icons;
			sourceTree = "<group>";
		};
		F8F2334B118EC44200C05048 /* Site */ = {
			isa = PBXGroup;
			children = (
				F8F2334C118EC44200C05048 /* appcast.xml */,
				F8F2334D118EC44200C05048 /* release-notes.html */,
			);
			path = Site;
			sourceTree = "<group>";
		};
/* End PBXGroup section */

/* Begin PBXNativeTarget section */
		8D1107260486CEB800E47090 /* WindowSize */ = {
			isa = PBXNativeTarget;
			buildConfigurationList = C01FCF4A08A954540054247B /* Build configuration list for PBXNativeTarget "WindowSize" */;
			buildPhases = (
				F8EBDBD912BA54D300BE1290 /* Increment build number */,
				8D1107290486CEB800E47090 /* Resources */,
				8D11072C0486CEB800E47090 /* Sources */,
				8D11072E0486CEB800E47090 /* Frameworks */,
				F8F23343118EC25D00C05048 /* CopyFiles */,
			);
			buildRules = (
			);
			dependencies = (
				F825CF5D12AE8AB3001197DE /* PBXTargetDependency */,
			);
			name = WindowSize;
			productInstallPath = "$(HOME)/Applications";
			productName = WindowSize;
			productReference = 8D1107320486CEB800E47090 /* WindowSize.app */;
			productType = "com.apple.product-type.application";
		};
/* End PBXNativeTarget section */

/* Begin PBXProject section */
		29B97313FDCFA39411CA2CEA /* Project object */ = {
			isa = PBXProject;
			buildConfigurationList = C01FCF4E08A954540054247B /* Build configuration list for PBXProject "WindowSize" */;
			compatibilityVersion = "Xcode 3.2";
			developmentRegion = English;
			hasScannedForEncodings = 1;
			knownRegions = (
				English,
				Japanese,
				French,
				German,
				fr,
			);
			mainGroup = 29B97314FDCFA39411CA2CEA /* WindowSize */;
			projectDirPath = "";
			projectReferences = (
				{
					ProductGroup = F825CF3012AE8A06001197DE /* Products */;
					ProjectRef = F825CF2F12AE8A06001197DE /* Sparkle.xcodeproj */;
				},
			);
			projectRoot = "";
			targets = (
				8D1107260486CEB800E47090 /* WindowSize */,
				F8F23345118EC2B700C05048 /* Distribution */,
			);
		};
/* End PBXProject section */

/* Begin PBXReferenceProxy section */
		F825CF3D12AE8A06001197DE /* Sparkle.framework */ = {
			isa = PBXReferenceProxy;
			fileType = wrapper.framework;
			path = Sparkle.framework;
			remoteRef = F825CF3C12AE8A06001197DE /* PBXContainerItemProxy */;
			sourceTree = BUILT_PRODUCTS_DIR;
		};
		F825CF3F12AE8A06001197DE /* Sparkle Test App.app */ = {
			isa = PBXReferenceProxy;
			fileType = wrapper.application;
			path = "Sparkle Test App.app";
			remoteRef = F825CF3E12AE8A06001197DE /* PBXContainerItemProxy */;
			sourceTree = BUILT_PRODUCTS_DIR;
		};
		F825CF4112AE8A06001197DE /* relaunch */ = {
			isa = PBXReferenceProxy;
			fileType = "compiled.mach-o.executable";
			path = relaunch;
			remoteRef = F825CF4012AE8A06001197DE /* PBXContainerItemProxy */;
			sourceTree = BUILT_PRODUCTS_DIR;
		};
		F825CF4312AE8A06001197DE /* Sparkle Unit Tests.octest */ = {
			isa = PBXReferenceProxy;
			fileType = wrapper.cfbundle;
			path = "Sparkle Unit Tests.octest";
			remoteRef = F825CF4212AE8A06001197DE /* PBXContainerItemProxy */;
			sourceTree = BUILT_PRODUCTS_DIR;
		};
		F825CF4512AE8A06001197DE /* BinaryDelta */ = {
			isa = PBXReferenceProxy;
			fileType = "compiled.mach-o.executable";
			path = BinaryDelta;
			remoteRef = F825CF4412AE8A06001197DE /* PBXContainerItemProxy */;
			sourceTree = BUILT_PRODUCTS_DIR;
		};
/* End PBXReferenceProxy section */

/* Begin PBXResourcesBuildPhase section */
		8D1107290486CEB800E47090 /* Resources */ = {
			isa = PBXResourcesBuildPhase;
			buildActionMask = 2147483647;
			files = (
				8D11072B0486CEB800E47090 /* InfoPlist.strings in Resources */,
				F8F23363118EC74A00C05048 /* dsa_pub.pem in Resources */,
				F8AB159B118EE26800919BD7 /* Credits.html in Resources */,
				F8AB15BD118EE61A00919BD7 /* WindowSize.strings in Resources */,
				F8C66C22118F58110028501F /* resizeWindow_128x128.png in Resources */,
				F8C66C23118F58110028501F /* resizeWindow_16x16.png in Resources */,
				F8C66C24118F58110028501F /* resizeWindow_18x18-GREY.png in Resources */,
				F8C66C25118F58110028501F /* resizeWindow_32x32.png in Resources */,
				F8C66C26118F58110028501F /* resizeWindow_512x512.png in Resources */,
				F8C66C28118F58A10028501F /* APPL.icns in Resources */,
				F8074FA8119056E600183231 /* Preferences.xib in Resources */,
			);
			runOnlyForDeploymentPostprocessing = 0;
		};
/* End PBXResourcesBuildPhase section */

/* Begin PBXShellScriptBuildPhase section */
		F8EBDBD912BA54D300BE1290 /* Increment build number */ = {
			isa = PBXShellScriptBuildPhase;
			buildActionMask = 2147483647;
			files = (
			);
			inputPaths = (
			);
			name = "Increment build number";
			outputPaths = (
			);
			runOnlyForDeploymentPostprocessing = 0;
			shellPath = /bin/bash;
			shellScript = "# Project version incrementing script\nif [ ${CONFIGURATION} = \"Release\" ]; then\n\tplistFile=\"${PROJECT_NAME}-Info.plist\"\n\techo \"Incrementing Project Version for \"${plistFile}\n \n\tbuildNumber=$(/usr/libexec/PlistBuddy -c \"Print CFBundleVersion\" $plistFile 2>&1)\n\tif [[ \"$buildNumber\" == *Does\\ Not\\ Exist ]] ; then\n\t\tbuildNumber=1\n\t\techo \"Create CFBundleVersion\"\n    \t\t/usr/libexec/PlistBuddy -c \"Add :CFBundleVersion integer ${buildNumber}\" $plistFile\n\telse\n\t\tbuildNumber=$(($buildNumber + 1))\n\t\techo \"set CFBundleVersion to ${buildNumber}\"\n\t\t/usr/libexec/PlistBuddy -c \"Set :CFBundleVersion ${buildNumber}\" $plistFile\n\tfi\nfi ";
		};
		F8F23344118EC2B700C05048 /* ShellScript */ = {
			isa = PBXShellScriptBuildPhase;
			buildActionMask = 2147483647;
			files = (
			);
			inputPaths = (
			);
			outputPaths = (
			);
			runOnlyForDeploymentPostprocessing = 0;
			shellPath = /bin/bash;
			shellScript = "# WindowSize\n#\n# Created by Stefan Hochuli Paychère on 3.5.2010.\n# Copyright 2008 Pistache Software. All rights reserved.\n\nset -o errexit\n\n#[ $BUILD_STYLE = Debug ] || { echo Distribution target requires \"'Debug'\" build style; false; }\n[ $BUILD_STYLE = Release ] || { echo Distribution target requires \"'Release'\" build style; false; }\n\nVERSION=$(defaults read \"$BUILT_PRODUCTS_DIR/$PROJECT_NAME.app/Contents/Info\" CFBundleVersion)\nSHORT_VERSION=$(defaults read \"$BUILT_PRODUCTS_DIR/$PROJECT_NAME.app/Contents/Info\" CFBundleShortVersionString)\nDOWNLOAD_BASE_URL=\"http://www.pistache-soft.ch/download\"\nRELEASENOTES_URL=\"http://www.pistache-soft.ch/software/WindowSize/release-notes.html#version-$SHORT_VERSION.$VERSION\"\n\nARCHIVE_FILENAME=\"$PROJECT_NAME-$SHORT_VERSION.$VERSION.zip\"\nDOWNLOAD_URL=\"$DOWNLOAD_BASE_URL/$ARCHIVE_FILENAME\"\nKEYCHAIN_PRIVKEY_NAME=\"Sparkle Private Key iMed\"\n\nWD=$PWD\ncd \"$BUILT_PRODUCTS_DIR\"\nrm -f \"$PROJECT_NAME\"*.zip\nzip -qr \"$ARCHIVE_FILENAME\" \"$PROJECT_NAME.app\"\n\nSIZE=$(stat -f %z \"$ARCHIVE_FILENAME\")\nPUBDATE=$(date +\"%a, %d %b %G %T %z\")\nSIGNATURE=$(\n\topenssl dgst -sha1 -binary < \"$ARCHIVE_FILENAME\" \\\n\t| openssl dgst -dss1 -sign <(security find-generic-password -g -s \"$KEYCHAIN_PRIVKEY_NAME\" 2>&1 1>/dev/null | perl -pe '($_) = /\"(.+)\"/; s/\\\\012/\\n/g') \\\n\t| openssl enc -base64\n)\n\n[ $SIGNATURE ] || { echo Unable to load signing private key with name \"'$KEYCHAIN_PRIVKEY_NAME'\" from keychain; false; }\n\ncat <<EOF\n\t\t<item>\n\t\t\t<title>Version $SHORT_VERSION.$VERSION</title>\n\t\t\t<description>Version $SHORT_VERSION.$VERSION</description>\n\t\t\t<link>$RELEASENOTES_URL</link>\n\t\t\t<sparkle:minimumSystemVersion>10.6.1</sparkle:minimumSystemVersion>\n\t\t\t<sparkle:releaseNotesLink>$RELEASENOTES_URL</sparkle:releaseNotesLink>\n\t\t\t<pubDate>$PUBDATE</pubDate>\n\t\t\t<enclosure\n\t\t\t\turl=\"$DOWNLOAD_URL\"\n\t\t\t\tsparkle:version=\"$VERSION\"\n\t\t\t\tsparkle:shortVersionString=\"$SHORT_VERSION\"\n\t\t\t\ttype=\"application/octet-stream\"\n\t\t\t\tlength=\"$SIZE\"\n\t\t\t\tsparkle:dsaSignature=\"$SIGNATURE\"\n\t\t\t/>\n\t\t</item>\nEOF\n\necho scp \"'$HOME/Documents/XCode-workspace/_Builds/Debug/$ARCHIVE_FILENAME'\" www.pistache-soft.ch:download/\necho scp \"'$WD/appcast.xml'\" www.pistache-soft.ch:web/software/WindowSize/appcast.xml\n";
			showEnvVarsInLog = 0;
		};
/* End PBXShellScriptBuildPhase section */

/* Begin PBXSourcesBuildPhase section */
		8D11072C0486CEB800E47090 /* Sources */ = {
			isa = PBXSourcesBuildPhase;
			buildActionMask = 2147483647;
			files = (
				256AC3DA0F4B6AC300CF3369 /* WindowSizeApp.m in Sources */,
				F80750A91190630E00183231 /* PreferenceController.m in Sources */,
			);
			runOnlyForDeploymentPostprocessing = 0;
		};
/* End PBXSourcesBuildPhase section */

/* Begin PBXTargetDependency section */
		F825CF5D12AE8AB3001197DE /* PBXTargetDependency */ = {
			isa = PBXTargetDependency;
			name = Sparkle;
			targetProxy = F825CF5C12AE8AB3001197DE /* PBXContainerItemProxy */;
		};
/* End PBXTargetDependency section */

/* Begin PBXVariantGroup section */
		089C165CFE840E0CC02AAC07 /* InfoPlist.strings */ = {
			isa = PBXVariantGroup;
			children = (
				089C165DFE840E0CC02AAC07 /* English */,
				F80752301190A00200183231 /* fr */,
			);
			name = InfoPlist.strings;
			sourceTree = "<group>";
		};
		F8074FA6119056E600183231 /* Preferences.xib */ = {
			isa = PBXVariantGroup;
			children = (
				F8074FA7119056E600183231 /* English */,
				F80751371190984400183231 /* fr */,
			);
			name = Preferences.xib;
			sourceTree = "<group>";
		};
		F8AB1599118EE26800919BD7 /* Credits.html */ = {
			isa = PBXVariantGroup;
			children = (
				F8AB159A118EE26800919BD7 /* English */,
				F8AB15B1118EE46800919BD7 /* fr */,
			);
			name = Credits.html;
			sourceTree = "<group>";
		};
		F8AB15BB118EE61A00919BD7 /* WindowSize.strings */ = {
			isa = PBXVariantGroup;
			children = (
				F8AB15BC118EE61A00919BD7 /* English */,
				F8AB15D0118EE7B000919BD7 /* fr */,
			);
			name = WindowSize.strings;
			sourceTree = "<group>";
		};
/* End PBXVariantGroup section */

/* Begin XCBuildConfiguration section */
		C01FCF4B08A954540054247B /* Debug */ = {
			isa = XCBuildConfiguration;
			buildSettings = {
				ALWAYS_SEARCH_USER_PATHS = NO;
				COPY_PHASE_STRIP = NO;
				FRAMEWORK_SEARCH_PATHS = (
					"$(inherited)",
					"\"$(SRCROOT)\"",
				);
				GCC_DYNAMIC_NO_PIC = NO;
				GCC_ENABLE_FIX_AND_CONTINUE = YES;
				GCC_MODEL_TUNING = G5;
				GCC_OPTIMIZATION_LEVEL = 0;
				GCC_PRECOMPILE_PREFIX_HEADER = YES;
				GCC_PREFIX_HEADER = WindowSize_Prefix.pch;
				INFOPLIST_FILE = "WindowSize-Info.plist";
				INSTALL_PATH = "$(HOME)/Applications";
				PRODUCT_NAME = WindowSize;
			};
			name = Debug;
		};
		C01FCF4C08A954540054247B /* Release */ = {
			isa = XCBuildConfiguration;
			buildSettings = {
				ALWAYS_SEARCH_USER_PATHS = NO;
				DEBUG_INFORMATION_FORMAT = "dwarf-with-dsym";
				FRAMEWORK_SEARCH_PATHS = (
					"$(inherited)",
					"\"$(SRCROOT)\"",
				);
				GCC_MODEL_TUNING = G5;
				GCC_PRECOMPILE_PREFIX_HEADER = YES;
				GCC_PREFIX_HEADER = WindowSize_Prefix.pch;
				INFOPLIST_FILE = "WindowSize-Info.plist";
				INSTALL_PATH = "$(HOME)/Applications";
				PRODUCT_NAME = WindowSize;
			};
			name = Release;
		};
		C01FCF4F08A954540054247B /* Debug */ = {
			isa = XCBuildConfiguration;
			buildSettings = {
				ARCHS = "$(ARCHS_STANDARD_32_64_BIT)";
				GCC_C_LANGUAGE_STANDARD = gnu99;
				GCC_ENABLE_OBJC_GC = supported;
				GCC_OPTIMIZATION_LEVEL = 0;
				GCC_WARN_ABOUT_RETURN_TYPE = YES;
				GCC_WARN_UNUSED_VARIABLE = YES;
				ONLY_ACTIVE_ARCH = YES;
				PREBINDING = NO;
				SDKROOT = macosx;
			};
			name = Debug;
		};
		C01FCF5008A954540054247B /* Release */ = {
			isa = XCBuildConfiguration;
			buildSettings = {
				ARCHS = "$(ARCHS_STANDARD_32_64_BIT)";
				GCC_C_LANGUAGE_STANDARD = gnu99;
				GCC_WARN_ABOUT_RETURN_TYPE = YES;
				GCC_WARN_UNUSED_VARIABLE = YES;
				PREBINDING = NO;
				SDKROOT = macosx;
			};
			name = Release;
		};
		F8F23346118EC2B700C05048 /* Debug */ = {
			isa = XCBuildConfiguration;
			buildSettings = {
				COPY_PHASE_STRIP = NO;
				GCC_DYNAMIC_NO_PIC = NO;
				GCC_OPTIMIZATION_LEVEL = 0;
				PRODUCT_NAME = Distribution;
			};
			name = Debug;
		};
		F8F23347118EC2B700C05048 /* Release */ = {
			isa = XCBuildConfiguration;
			buildSettings = {
				COPY_PHASE_STRIP = YES;
				DEBUG_INFORMATION_FORMAT = "dwarf-with-dsym";
				GCC_ENABLE_FIX_AND_CONTINUE = NO;
				PRODUCT_NAME = Distribution;
				ZERO_LINK = NO;
			};
			name = Release;
		};
/* End XCBuildConfiguration section */

/* Begin XCConfigurationList section */
		C01FCF4A08A954540054247B /* Build configuration list for PBXNativeTarget "WindowSize" */ = {
			isa = XCConfigurationList;
			buildConfigurations = (
				C01FCF4B08A954540054247B /* Debug */,
				C01FCF4C08A954540054247B /* Release */,
			);
			defaultConfigurationIsVisible = 0;
			defaultConfigurationName = Release;
		};
		C01FCF4E08A954540054247B /* Build configuration list for PBXProject "WindowSize" */ = {
			isa = XCConfigurationList;
			buildConfigurations = (
				C01FCF4F08A954540054247B /* Debug */,
				C01FCF5008A954540054247B /* Release */,
			);
			defaultConfigurationIsVisible = 0;
			defaultConfigurationName = Release;
		};
		F8F23348118EC2D900C05048 /* Build configuration list for PBXAggregateTarget "Distribution" */ = {
			isa = XCConfigurationList;
			buildConfigurations = (
				F8F23346118EC2B700C05048 /* Debug */,
				F8F23347118EC2B700C05048 /* Release */,
			);
			defaultConfigurationIsVisible = 0;
			defaultConfigurationName = Release;
		};
/* End XCConfigurationList section */
	};
	rootObject = 29B97313FDCFA39411CA2CEA /* Project object */;
}
